
Microsoft Visual Studio Solution File, Format Version 12.00
# Visual Studio Version 16
VisualStudioVersion = 16.0.30907.101
MinimumVisualStudioVersion = 10.0.40219.1
Project("{9A19103F-16F7-4668-BE54-9A1E7A4F7556}") = "ModellenBureau.Shared", "ModellenBureau.Shared\ModellenBureau.Shared.csproj", "{D5FD79F6-A9D8-4174-B07B-365B24FBE489}"
EndProject
Project("{9A19103F-16F7-4668-BE54-9A1E7A4F7556}") = "ModellenBureau.Server", "ModellenBureau.Server\ModellenBureau.Server.csproj", "{45ADCB05-066F-46CF-B1A7-4F3715A05E82}"
EndProject
Project("{9A19103F-16F7-4668-BE54-9A1E7A4F7556}") = "ModellenBureau.API", "ModellenBureau.API\ModellenBureau.API.csproj", "{8DE73B5F-E558-4D8D-B826-5A339DA43CD7}"
EndProject
Global
	GlobalSection(SolutionConfigurationPlatforms) = preSolution
		Debug|Any CPU = Debug|Any CPU
		Release|Any CPU = Release|Any CPU
	EndGlobalSection
	GlobalSection(ProjectConfigurationPlatforms) = postSolution
		{D5FD79F6-A9D8-4174-B07B-365B24FBE489}.Debug|Any CPU.ActiveCfg = Debug|Any CPU
		{D5FD79F6-A9D8-4174-B07B-365B24FBE489}.Debug|Any CPU.Build.0 = Debug|Any CPU
		{D5FD79F6-A9D8-4174-B07B-365B24FBE489}.Release|Any CPU.ActiveCfg = Release|Any CPU
		{D5FD79F6-A9D8-4174-B07B-365B24FBE489}.Release|Any CPU.Build.0 = Release|Any CPU
		{45ADCB05-066F-46CF-B1A7-4F3715A05E82}.Debug|Any CPU.ActiveCfg = Debug|Any CPU
		{45ADCB05-066F-46CF-B1A7-4F3715A05E82}.Debug|Any CPU.Build.0 = Debug|Any CPU
		{45ADCB05-066F-46CF-B1A7-4F3715A05E82}.Release|Any CPU.ActiveCfg = Release|Any CPU
		{45ADCB05-066F-46CF-B1A7-4F3715A05E82}.Release|Any CPU.Build.0 = Release|Any CPU
		{8DE73B5F-E558-4D8D-B826-5A339DA43CD7}.Debug|Any CPU.ActiveCfg = Debug|Any CPU
		{8DE73B5F-E558-4D8D-B826-5A339DA43CD7}.Debug|Any CPU.Build.0 = Debug|Any CPU
		{8DE73B5F-E558-4D8D-B826-5A339DA43CD7}.Release|Any CPU.ActiveCfg = Release|Any CPU
		{8DE73B5F-E558-4D8D-B826-5A339DA43CD7}.Release|Any CPU.Build.0 = Release|Any CPU
	EndGlobalSection
	GlobalSection(SolutionProperties) = preSolution
		HideSolutionNode = FALSE
	EndGlobalSection
	GlobalSection(ExtensibilityGlobals) = postSolution
		SolutionGuid = {91B67F05-A5F4-401B-91EC-49E378303BD0}
	EndGlobalSection
EndGlobal
